
Microsoft Visual Studio Solution File, Format Version 12.00
# Visual Studio Version 16
VisualStudioVersion = 16.0.31320.298
MinimumVisualStudioVersion = 10.0.40219.1
Project("{FAE04EC0-301F-11D3-BF4B-00C04F79EFBC}") = "DRV3-Sharp", "DRV3-Sharp\DRV3-Sharp.csproj", "{3ADDC2C2-D71B-465C-BE52-E9700EE48047}"
EndProject
Global
	GlobalSection(SolutionConfigurationPlatforms) = preSolution
		Debug|Any CPU = Debug|Any CPU
		Release|Any CPU = Release|Any CPU
	EndGlobalSection
	GlobalSection(ProjectConfigurationPlatforms) = postSolution
		{3ADDC2C2-D71B-465C-BE52-E9700EE48047}.Debug|Any CPU.ActiveCfg = Debug|Any CPU
		{3ADDC2C2-D71B-465C-BE52-E9700EE48047}.Debug|Any CPU.Build.0 = Debug|Any CPU
		{3ADDC2C2-D71B-465C-BE52-E9700EE48047}.Release|Any CPU.ActiveCfg = Release|Any CPU
		{3ADDC2C2-D71B-465C-BE52-E9700EE48047}.Release|Any CPU.Build.0 = Release|Any CPU
	EndGlobalSection
	GlobalSection(SolutionProperties) = preSolution
		HideSolutionNode = FALSE
	EndGlobalSection
	GlobalSection(ExtensibilityGlobals) = postSolution
		SolutionGuid = {FF0BF8B3-C456-41FD-872C-333A2A9EE5B8}
	EndGlobalSection
EndGlobal
